{
  "name": "@latticejs/froala-editor",
  "version": "1.0.1-beta.2",
  "lockfileVersion": 1,
  "requires": true,
  "dependencies": {
    "typeface-montserrat": {
      "version": "0.0.75",
      "resolved": "https://registry.npmjs.org/typeface-montserrat/-/typeface-montserrat-0.0.75.tgz",
      "integrity": "sha512-8ski20t3hdwu2T85pVfjK4jsDbwW8yWzd+LAKxYEmu+JVLVlB7G2yfmdKZz06pUwYCLVFvHvup+NYYulHDpE+w==",
      "dev": true
    },
    "typeface-roboto": {
      "version": "0.0.75",
      "resolved": "https://registry.npmjs.org/typeface-roboto/-/typeface-roboto-0.0.75.tgz",
      "integrity": "sha512-VrR/IiH00Z1tFP4vDGfwZ1esNqTiDMchBEXYY9kilT6wRGgFoCAlgkEUMHb1E3mB0FsfZhv756IF0+R+SFPfdg==",
      "dev": true
    }
  }
}
